# This file is autogenerated, do not edit; changes may be undone by the next 'dep ensure'.


[[projects]]
  digest = "1:8011d6367a04c40f1a9f50274e5e22b1cd5c05104d87cd8cf21d5a56c0cc3bd8"
  name = "github.com/Sirupsen/logrus"
  packages = ["."]
  pruneopts = "UT"
  revision = "ba1b36c82c5e05c4f912a88eab0dcd91a171688f"
  version = "v0.11.5"

[[projects]]
  digest = "1:c1f1be1f5e2ae94014387bf298b5c009de85b89b88ee12f187b61a5a40ccd1cf"
  name = "github.com/fatih/structs"
  packages = ["."]
  pruneopts = "UT"
  revision = "d98fb2baf2451b68f200cbe973d922c06cb7cca2"

[[projects]]
  digest = "1:38c783cf85b9454cc02a1a8319239800ed0af6c1c864adf19cea0539e134adad"
  name = "github.com/fsnotify/fsnotify"
  packages = ["."]
  pruneopts = "UT"
  revision = "4da3e2cfbabc9f751898f250b49f2439785783a1"

[[projects]]
  digest = "1:07671f8997086ed115824d1974507d2b147d1e0463675ea5dbf3be89b1c2c563"
  name = "github.com/hashicorp/errwrap"
  packages = ["."]
  pruneopts = "UT"
  revision = "7554cd9344cec97297fa6649b055a8c98c2a1e55"

[[projects]]
  digest = "1:6e8c2d6bf0c63df9064896d0834f61dd04be6e67ff4b2306fd428a852656e187"
  name = "github.com/hashicorp/go-cleanhttp"
  packages = ["."]
  pruneopts = "UT"
  revision = "ce617e79981a8fff618bb643d155133a8f38db96"

[[projects]]
  digest = "1:70058d557ddb53af1a35dd41b748ae8032901e407c7c60f6ff3638c8145be5fb"
  name = "github.com/hashicorp/go-multierror"
  packages = ["."]
  pruneopts = "UT"
  revision = "ed905158d87462226a13fe39ddf685ea65f1c11f"

[[projects]]
  branch = "master"
  digest = "1:45aad874d3c7d5e8610427c81870fb54970b981692930ec2a319ce4cb89d7a00"
  name = "github.com/hashicorp/go-rootcerts"
  packages = ["."]
  pruneopts = "UT"
  revision = "6bb64b370b90e7ef1fa532be9e591a81c3493e00"

[[projects]]
  digest = "1:728e2b6b1550daa98700b48472aa898ba0da83362daba500eea82e42adc77479"
  name = "github.com/hashicorp/hcl"
  packages = [
    ".",
    "hcl/ast",
    "hcl/parser",
    "hcl/scanner",
    "hcl/strconv",
    "hcl/token",
    "json/parser",
    "json/scanner",
    "json/token",
  ]
  pruneopts = "UT"
  revision = "578dd9746824a54637686b51a41bad457a56bcef"

[[projects]]
  digest = "1:7f69ba3ef88d1638838ee450ba70d031f84a070fc18277df6b630fd87956902d"
  name = "github.com/hashicorp/vault"
  packages = [
    "api",
    "helper/compressutil",
    "helper/jsonutil",
  ]
  pruneopts = "UT"
  revision = "ebb798ec1b2c93a4607d44438c6f56438a17b4cc"
  version = "v0.7.0-beta1"

[[projects]]
  digest = "1:870d441fe217b8e689d7949fef6e43efbc787e50f200cb1e70dbca9204a1d6be"
  name = "github.com/inconshreveable/mousetrap"
  packages = ["."]
  pruneopts = "UT"
  revision = "76626ae9c91c4f2a10f34cad8ce83ea42c93bb75"
  version = "v1.0"

[[projects]]
  branch = "master"
  digest = "1:876cc1d6cae6e34c70b50dcb539071b7e530e093d1296662ec1e0735f81a4df2"
  name = "github.com/jaxxstorm/docker-credential-vault"
  packages = [
    "cmd",
    "vault",
  ]
  pruneopts = "UT"
  revision = "7124ddcbddbe2d697081941be5a972556f81dc84"

[[projects]]
  digest = "1:79c55505b38424ce7dc479e8e0813db40245434db95a5d2e3390bfa24047b43c"
  name = "github.com/magiconair/properties"
  packages = ["."]
  pruneopts = "UT"
  revision = "51463bfca2576e06c62a8504b5c0f06d61312647"

[[projects]]
  digest = "1:12ae6210bdbdad658a9a67fd95cd9c99f7fdbf12f6d36eaf0af704e69dacf4f5"
  name = "github.com/mitchellh/go-homedir"
  packages = ["."]
  pruneopts = "UT"
  revision = "b8bc1bf767474819792c23f32d8286a45736f1c6"

[[projects]]
  digest = "1:922a47edb4c9b30c8d1e55ececa4fc35c791cccfac6b810c5155fc3a65751597"
  name = "github.com/mitchellh/mapstructure"
  packages = ["."]
  pruneopts = "UT"
  revision = "281073eb9eb092240d33ef253c404f1cca550309"

[[projects]]
  digest = "1:b2ee62e09bec113cf086d2ce0769efcc7bf79481aba8373fd8f7884e94df3462"
  name = "github.com/pelletier/go-buffruneio"
  packages = ["."]
  pruneopts = "UT"
  revision = "c37440a7cf42ac63b919c752ca73a85067e05992"
  version = "v0.2.0"

[[projects]]
  digest = "1:344bb7e1a5f6908ccbb0a62117733d84ea41b7b1e5b5ca45e4f862f236c97565"
  name = "github.com/pelletier/go-toml"
  packages = ["."]
  pruneopts = "UT"
  revision = "fe206efb84b2bc8e8cfafe6b4c1826622be969e3"

[[projects]]
  digest = "1:f6cebf9b81bff54861ca0a3434ff112ec1654cfca0bc72448217f55f6cd844b0"
  name = "github.com/sethgrid/pester"
  packages = ["."]
  pruneopts = "UT"
  revision = "2c5fb962da6113d0968907fd81dba3ca35151d1c"

[[projects]]
  digest = "1:612c049404353b151a3d9fd779b72a0905df1f799056c29202ad84d4fcb1b748"
  name = "github.com/spf13/afero"
  packages = [
    ".",
    "mem",
  ]
  pruneopts = "UT"
  revision = "9be650865eab0c12963d8753212f4f9c66cdcf12"

[[projects]]
  digest = "1:16880c4dc9d7482bad0240b0aae055efc194b4ca152187cb553e616a2a4393b1"
  name = "github.com/spf13/cast"
  packages = ["."]
  pruneopts = "UT"
  revision = "ce135a4ebeee6cfe9a26c93ee0d37825f26113c7"
  version = "v1.0.0"

[[projects]]
  digest = "1:7a8378ec92b2735b61f2ebd5a8c6cebefd5bb56f9f9307f7ddc080684f47356e"
  name = "github.com/spf13/cobra"
  packages = ["."]
  pruneopts = "UT"
  revision = "7aeaa2cce6ae7e18d2a6ee597b60ee137e999bd9"

[[projects]]
  digest = "1:e86f24714afdc8e08409c02961ed39d74c85556b3965867d699e51564271c6de"
  name = "github.com/spf13/jwalterweatherman"
  packages = ["."]
  pruneopts = "UT"
  revision = "fa7ca7e836cf3a8bb4ebf799f472c12d7e903d66"

[[projects]]
  digest = "1:a51e10a4208363dc9560f2e86ee92a8a5a761e489d5ab24d89b6faa22dd76c8e"
  name = "github.com/spf13/pflag"
  packages = ["."]
  pruneopts = "UT"
  revision = "9a906f17374922ed0f74e1b2f593d3723f2ffb00"

[[projects]]
  digest = "1:3d39d9cc40ed600491458167be83bd490821a62c3d95f5ef3b4c021a0609fa07"
  name = "github.com/spf13/viper"
  packages = ["."]
  pruneopts = "UT"
  revision = "84f94806c67f59dd7ae87bc5351f7a9c94a4558d"

[[projects]]
  digest = "1:e0462130c7ab7c7cbd681c2f51aee2793c1cdbcbd70c7c6fa9c79462f4f7d90d"
  name = "golang.org/x/net"
  packages = [
    "http2",
    "http2/hpack",
  ]
  pruneopts = "UT"
  revision = "195180cfebf7362bd243a52477697895128c8777"

[[projects]]
  digest = "1:6399a919dea9316677b743a7f947573af510932ef20ba0bac18eaabee9ccd499"
  name = "golang.org/x/sys"
  packages = ["unix"]
  pruneopts = "UT"
  revision = "99f16d856c9836c42d24e7ab64ea72916925fa97"

[[projects]]
  digest = "1:99341ec146598d7a60c98375ea4aa60d71c7e84a37d261f3b566e4a66c195738"
  name = "golang.org/x/text"
  packages = [
    "internal/gen",
    "internal/triegen",
    "internal/ucd",
    "transform",
    "unicode/cldr",
    "unicode/norm",
  ]
  pruneopts = "UT"
  revision = "f4b4367115ec2de254587813edaa901bc1c723a8"

[[projects]]
  digest = "1:ded78ec83f942f3646af7a261718de614449c381a25f2d532c2d7f5bf85e9570"
  name = "gopkg.in/yaml.v2"
  packages = ["."]
  pruneopts = "UT"
  revision = "49c95bdc21843256fb6c4e0d370a05f24a0bf213"

[solve-meta]
  analyzer-name = "dep"
  analyzer-version = 1
  input-imports = [
    "github.com/Sirupsen/logrus",
    "github.com/hashicorp/vault/api",
    "github.com/jaxxstorm/docker-credential-vault/cmd",
    "github.com/jaxxstorm/docker-credential-vault/vault",
    "github.com/mitchellh/mapstructure",
    "github.com/spf13/cobra",
    "github.com/spf13/viper",
  ]
  solver-name = "gps-cdcl"
  solver-version = 1
